
Microsoft Visual Studio Solution File, Format Version 12.00
# Visual Studio Version 16
VisualStudioVersion = 16.0.29613.14
MinimumVisualStudioVersion = 10.0.40219.1
Project("{FAE04EC0-301F-11D3-BF4B-00C04F79EFBC}") = "HackerRankProblems", "HackerRankProblems\HackerRankProblems.csproj", "{B81638F3-15DD-43DB-862B-7E79351C9E8E}"
EndProject
Global
	GlobalSection(SolutionConfigurationPlatforms) = preSolution
		Debug|Any CPU = Debug|Any CPU
		Release|Any CPU = Release|Any CPU
	EndGlobalSection
	GlobalSection(ProjectConfigurationPlatforms) = postSolution
		{B81638F3-15DD-43DB-862B-7E79351C9E8E}.Debug|Any CPU.ActiveCfg = Debug|Any CPU
		{B81638F3-15DD-43DB-862B-7E79351C9E8E}.Debug|Any CPU.Build.0 = Debug|Any CPU
		{B81638F3-15DD-43DB-862B-7E79351C9E8E}.Release|Any CPU.ActiveCfg = Release|Any CPU
		{B81638F3-15DD-43DB-862B-7E79351C9E8E}.Release|Any CPU.Build.0 = Release|Any CPU
	EndGlobalSection
	GlobalSection(SolutionProperties) = preSolution
		HideSolutionNode = FALSE
	EndGlobalSection
	GlobalSection(ExtensibilityGlobals) = postSolution
		SolutionGuid = {DBBB798D-6C27-4E16-89D5-394A7D73DD11}
	EndGlobalSection
EndGlobal
